
Microsoft Visual Studio Solution File, Format Version 12.00
# Visual Studio Version 17
VisualStudioVersion = 17.12.35707.178 d17.12
MinimumVisualStudioVersion = 10.0.40219.1
Project("{FAE04EC0-301F-11D3-BF4B-00C04F79EFBC}") = "school_Project.Api", "school_Project.Api\school_Project.Api.csproj", "{C25012C9-D02F-45CE-9FF3-7BCED67B30E8}"
EndProject
Project("{FAE04EC0-301F-11D3-BF4B-00C04F79EFBC}") = "school_Project.Core", "school_Project.Core\school_Project.Core.csproj", "{2543AFF8-BD4D-4A48-AF09-0CE2281D9083}"
EndProject
Project("{FAE04EC0-301F-11D3-BF4B-00C04F79EFBC}") = "school_Project.Infrastructure", "school_Project.Infrastructure\school_Project.Infrastructure.csproj", "{E1EDBD74-2140-41A4-90AF-14CB7E1EE462}"
EndProject
Project("{FAE04EC0-301F-11D3-BF4B-00C04F79EFBC}") = "school_Project.Data", "school_Project.Data\school_Project.Data.csproj", "{8E9D50A0-2F7C-4CE5-B44C-D58623BE085B}"
EndProject
Project("{FAE04EC0-301F-11D3-BF4B-00C04F79EFBC}") = "school_Project.Service", "school_Project.Service\school_Project.Service.csproj", "{12B79445-C147-4FCA-AF55-A593FB18825E}"
EndProject
Global
	GlobalSection(SolutionConfigurationPlatforms) = preSolution
		Debug|Any CPU = Debug|Any CPU
		Release|Any CPU = Release|Any CPU
	EndGlobalSection
	GlobalSection(ProjectConfigurationPlatforms) = postSolution
		{C25012C9-D02F-45CE-9FF3-7BCED67B30E8}.Debug|Any CPU.ActiveCfg = Debug|Any CPU
		{C25012C9-D02F-45CE-9FF3-7BCED67B30E8}.Debug|Any CPU.Build.0 = Debug|Any CPU
		{C25012C9-D02F-45CE-9FF3-7BCED67B30E8}.Release|Any CPU.ActiveCfg = Release|Any CPU
		{C25012C9-D02F-45CE-9FF3-7BCED67B30E8}.Release|Any CPU.Build.0 = Release|Any CPU
		{2543AFF8-BD4D-4A48-AF09-0CE2281D9083}.Debug|Any CPU.ActiveCfg = Debug|Any CPU
		{2543AFF8-BD4D-4A48-AF09-0CE2281D9083}.Debug|Any CPU.Build.0 = Debug|Any CPU
		{2543AFF8-BD4D-4A48-AF09-0CE2281D9083}.Release|Any CPU.ActiveCfg = Release|Any CPU
		{2543AFF8-BD4D-4A48-AF09-0CE2281D9083}.Release|Any CPU.Build.0 = Release|Any CPU
		{E1EDBD74-2140-41A4-90AF-14CB7E1EE462}.Debug|Any CPU.ActiveCfg = Debug|Any CPU
		{E1EDBD74-2140-41A4-90AF-14CB7E1EE462}.Debug|Any CPU.Build.0 = Debug|Any CPU
		{E1EDBD74-2140-41A4-90AF-14CB7E1EE462}.Release|Any CPU.ActiveCfg = Release|Any CPU
		{E1EDBD74-2140-41A4-90AF-14CB7E1EE462}.Release|Any CPU.Build.0 = Release|Any CPU
		{8E9D50A0-2F7C-4CE5-B44C-D58623BE085B}.Debug|Any CPU.ActiveCfg = Debug|Any CPU
		{8E9D50A0-2F7C-4CE5-B44C-D58623BE085B}.Debug|Any CPU.Build.0 = Debug|Any CPU
		{8E9D50A0-2F7C-4CE5-B44C-D58623BE085B}.Release|Any CPU.ActiveCfg = Release|Any CPU
		{8E9D50A0-2F7C-4CE5-B44C-D58623BE085B}.Release|Any CPU.Build.0 = Release|Any CPU
		{12B79445-C147-4FCA-AF55-A593FB18825E}.Debug|Any CPU.ActiveCfg = Debug|Any CPU
		{12B79445-C147-4FCA-AF55-A593FB18825E}.Debug|Any CPU.Build.0 = Debug|Any CPU
		{12B79445-C147-4FCA-AF55-A593FB18825E}.Release|Any CPU.ActiveCfg = Release|Any CPU
		{12B79445-C147-4FCA-AF55-A593FB18825E}.Release|Any CPU.Build.0 = Release|Any CPU
	EndGlobalSection
	GlobalSection(SolutionProperties) = preSolution
		HideSolutionNode = FALSE
	EndGlobalSection
EndGlobal
